
Microsoft Visual Studio Solution File, Format Version 12.00
# Visual Studio Version 16
VisualStudioVersion = 16.0.31112.23
MinimumVisualStudioVersion = 10.0.40219.1
Project("{FAE04EC0-301F-11D3-BF4B-00C04F79EFBC}") = "FFmpegVideoDecodeTest", "FFmpegVideoDecodeTest\FFmpegVideoDecodeTest.csproj", "{F93305D1-A0EB-494F-A812-7F6697B3CCC7}"
EndProject
Global
	GlobalSection(SolutionConfigurationPlatforms) = preSolution
		Debug|Any CPU = Debug|Any CPU
		Release|Any CPU = Release|Any CPU
	EndGlobalSection
	GlobalSection(ProjectConfigurationPlatforms) = postSolution
		{F93305D1-A0EB-494F-A812-7F6697B3CCC7}.Debug|Any CPU.ActiveCfg = Debug|Any CPU
		{F93305D1-A0EB-494F-A812-7F6697B3CCC7}.Debug|Any CPU.Build.0 = Debug|Any CPU
		{F93305D1-A0EB-494F-A812-7F6697B3CCC7}.Release|Any CPU.ActiveCfg = Release|Any CPU
		{F93305D1-A0EB-494F-A812-7F6697B3CCC7}.Release|Any CPU.Build.0 = Release|Any CPU
	EndGlobalSection
	GlobalSection(SolutionProperties) = preSolution
		HideSolutionNode = FALSE
	EndGlobalSection
	GlobalSection(ExtensibilityGlobals) = postSolution
		SolutionGuid = {A04F17F1-47FD-46A4-A174-047BDE303C4F}
	EndGlobalSection
EndGlobal
